Microsoft Visual Studio Solution File, Format Version 12.00
# Visual Studio Version 17
VisualStudioVersion = 17.5.2.0
MinimumVisualStudioVersion = 10.0.40219.1
Project("{FAE04EC0-301F-11D3-BF4B-00C04F79EFBC}") = "MCP-NewsInsight.Server", "MCP-NewsInsight.Server\MCP-NewsInsight.Server.csproj", "{F662B79D-0EBE-D2F7-BFA0-7A03EC41AE24}"
EndProject
Global
	GlobalSection(SolutionConfigurationPlatforms) = preSolution
		Debug|Any CPU = Debug|Any CPU
		Release|Any CPU = Release|Any CPU
	EndGlobalSection
	GlobalSection(ProjectConfigurationPlatforms) = postSolution
		{F662B79D-0EBE-D2F7-BFA0-7A03EC41AE24}.Debug|Any CPU.ActiveCfg = Debug|Any CPU
		{F662B79D-0EBE-D2F7-BFA0-7A03EC41AE24}.Debug|Any CPU.Build.0 = Debug|Any CPU
		{F662B79D-0EBE-D2F7-BFA0-7A03EC41AE24}.Release|Any CPU.ActiveCfg = Release|Any CPU
		{F662B79D-0EBE-D2F7-BFA0-7A03EC41AE24}.Release|Any CPU.Build.0 = Release|Any CPU
	EndGlobalSection
	GlobalSection(SolutionProperties) = preSolution
		HideSolutionNode = FALSE
	EndGlobalSection
	GlobalSection(ExtensibilityGlobals) = postSolution
		SolutionGuid = {92C62A2E-6DFB-444A-AF2F-CC7B837FB965}
	EndGlobalSection
EndGlobal
